
Microsoft Visual Studio Solution File, Format Version 12.00
Project("{FAE04EC0-301F-11D3-BF4B-00C04F79EFBC}") = "SbermegamarketScanner", "SbermegamarketScanner\SbermegamarketScanner.csproj", "{9B78635E-30C6-4D7B-979E-3AFABBE364FE}"
EndProject
Global
	GlobalSection(SolutionConfigurationPlatforms) = preSolution
		Debug|Any CPU = Debug|Any CPU
		Release|Any CPU = Release|Any CPU
	EndGlobalSection
	GlobalSection(ProjectConfigurationPlatforms) = postSolution
		{9B78635E-30C6-4D7B-979E-3AFABBE364FE}.Debug|Any CPU.ActiveCfg = Debug|Any CPU
		{9B78635E-30C6-4D7B-979E-3AFABBE364FE}.Debug|Any CPU.Build.0 = Debug|Any CPU
		{9B78635E-30C6-4D7B-979E-3AFABBE364FE}.Release|Any CPU.ActiveCfg = Release|Any CPU
		{9B78635E-30C6-4D7B-979E-3AFABBE364FE}.Release|Any CPU.Build.0 = Release|Any CPU
	EndGlobalSection
EndGlobal
